<?xml version="1.0" encoding="utf-8"?>
<Project ToolsVersion="4.0" xmlns="http://schemas.microsoft.com/developer/msbuild/2003">
  <ItemGroup>
    <Filter Include="Source Files">
      <UniqueIdentifier>{4FC737F1-C7A5-4376-A066-2A32D752A2FF}</UniqueIdentifier>
      <Extensions>cpp;c;cc;cxx;c++;cppm;ixx;def;odl;idl;hpj;bat;asm;asmx</Extensions>
    </Filter>
    <Filter Include="Header Files">
      <UniqueIdentifier>{93995380-89BD-4b04-88EB-625FBE52EBFB}</UniqueIdentifier>
      <Extensions>h;hh;hpp;hxx;h++;hm;inl;inc;ipp;xsd</Extensions>
    </Filter>
    <Filter Include="Resource Files">
      <UniqueIdentifier>{67DA6AB6-F800-4c08-8B7A-83BB121AAD01}</UniqueIdentifier>
      <Extensions>rc;ico;cur;bmp;dlg;rc2;rct;bin;rgs;gif;jpg;jpeg;jpe;resx;tiff;tif;png;wav;mfcribbon-ms</Extensions>
    </Filter>
    <Filter Include="Markdown">
      <UniqueIdentifier>{3528f7fd-53be-4781-b123-f9cfe3d546fd}</UniqueIdentifier>
    </Filter>
    <Filter Include="Exercises">
      <UniqueIdentifier>{8b3a9fb8-e7a0-4e6b-b81b-68a6dad48743}</UniqueIdentifier>
    </Filter>
    <Filter Include="Exercises\Zinsberechnung">
      <UniqueIdentifier>{72cba7c0-f8e1-4e6c-8989-a73c831ddb12}</UniqueIdentifier>
    </Filter>
    <Filter Include="Exercises\TeuflischeFolge">
      <UniqueIdentifier>{bb359192-345f-44f8-aa77-ad4420d98c30}</UniqueIdentifier>
    </Filter>
    <Filter Include="Exercises\Fakultaet">
      <UniqueIdentifier>{6b6f0e26-df82-4a13-9ec2-d4be1985de7a}</UniqueIdentifier>
    </Filter>
    <Filter Include="Exercises\Vector">
      <UniqueIdentifier>{0d25d4f7-0927-440d-a75c-4673171ae807}</UniqueIdentifier>
    </Filter>
    <Filter Include="Exercises\Maximum">
      <UniqueIdentifier>{6728f156-e6c9-4682-a85f-f423135f7aad}</UniqueIdentifier>
    </Filter>
    <Filter Include="Exercises\Unterprogramme">
      <UniqueIdentifier>{0bc48506-2dda-40f2-bcfa-1952cc23b1ee}</UniqueIdentifier>
    </Filter>
    <Filter Include="Exercises\Zeichenkettenverarbeitung">
      <UniqueIdentifier>{7990d17c-67c1-4b7f-837f-6c696ad7f03b}</UniqueIdentifier>
    </Filter>
    <Filter Include="Exercises\Lotto">
      <UniqueIdentifier>{380d3297-1f68-413f-adc2-83ea87238cc0}</UniqueIdentifier>
    </Filter>
    <Filter Include="Exercises\ArraySumMinMax">
      <UniqueIdentifier>{983ac964-0d15-420a-a2e3-ced9e49c7cc4}</UniqueIdentifier>
    </Filter>
    <Filter Include="Exercises\VariablenDatentypenOperatoren">
      <UniqueIdentifier>{1a5ec2d6-5b3d-4abf-b862-1aa61f03e7dc}</UniqueIdentifier>
    </Filter>
    <Filter Include="Exercises\ErsteSchritte">
      <UniqueIdentifier>{2cf369a3-70c8-49d6-b524-3b1495086b6a}</UniqueIdentifier>
    </Filter>
    <Filter Include="Exercises\DivisionMitRest">
      <UniqueIdentifier>{8d0c1efb-9fee-4883-a7ae-f5c6b36433f9}</UniqueIdentifier>
    </Filter>
    <Filter Include="Exercises\Wahl">
      <UniqueIdentifier>{7e57cc87-ca05-4e4f-8e77-fd05eb5206cd}</UniqueIdentifier>
    </Filter>
    <Filter Include="Exercises\Zeiger">
      <UniqueIdentifier>{4dbc735c-4f6f-4bda-aa15-e5d1f0c835e2}</UniqueIdentifier>
    </Filter>
    <Filter Include="Exercises\HarmonischeReihe">
      <UniqueIdentifier>{e2ef7e7f-6e82-4c60-894f-7d90d3d68c66}</UniqueIdentifier>
    </Filter>
    <Filter Include="Exercises\VerketteteListe">
      <UniqueIdentifier>{e339ef86-d3ef-43d5-b697-a21621602d5c}</UniqueIdentifier>
    </Filter>
    <Filter Include="Exercises\Zeichenstatistik">
      <UniqueIdentifier>{73d57293-8394-41a6-b3f6-7a6808cfa770}</UniqueIdentifier>
    </Filter>
    <Filter Include="Exercises\Wallet">
      <UniqueIdentifier>{225d28df-84b3-4f85-b224-7c891ee26322}</UniqueIdentifier>
    </Filter>
    <Filter Include="Exercises\DynamicIntArray">
      <UniqueIdentifier>{80115955-fead-4acd-a183-4e1d4dd6a162}</UniqueIdentifier>
    </Filter>
    <Filter Include="Exercises\Contacts">
      <UniqueIdentifier>{a731283e-2e12-45c4-8ff1-bf305293e6ec}</UniqueIdentifier>
    </Filter>
    <Filter Include="Exercises\KeywordStatistik">
      <UniqueIdentifier>{f304862d-3633-4152-8206-e74bf929a9f6}</UniqueIdentifier>
    </Filter>
    <Filter Include="Exercises\BinaryConversion">
      <UniqueIdentifier>{f3c5fa81-dcce-464f-82a8-05b3a9f328e2}</UniqueIdentifier>
    </Filter>
    <Filter Include="Exercises\Tausche">
      <UniqueIdentifier>{bb3ae06e-ce72-4710-8c23-bb6cba87df5b}</UniqueIdentifier>
    </Filter>
    <Filter Include="Tutorial">
      <UniqueIdentifier>{a6b78f73-d5f4-47f8-bcdf-25c454107c36}</UniqueIdentifier>
    </Filter>
    <Filter Include="Tutorial\Arrays">
      <UniqueIdentifier>{f3950a63-81bc-401a-98fd-9db84da67538}</UniqueIdentifier>
    </Filter>
    <Filter Include="Tutorial\CRT">
      <UniqueIdentifier>{a08f2a48-d6e4-4c56-b736-690a3802dcda}</UniqueIdentifier>
    </Filter>
    <Filter Include="Tutorial\DatatypesVariablesConstants">
      <UniqueIdentifier>{37c71026-5e49-4b58-895b-8cecf998f9d2}</UniqueIdentifier>
    </Filter>
    <Filter Include="Tutorial\DynamicMemory">
      <UniqueIdentifier>{ed52405b-e825-48ae-95d8-208853b077dd}</UniqueIdentifier>
    </Filter>
    <Filter Include="Tutorial\MemoryManagement">
      <UniqueIdentifier>{8621e5d3-f3b5-4ac1-b577-93ce13101962}</UniqueIdentifier>
    </Filter>
    <Filter Include="Tutorial\NestedScope">
      <UniqueIdentifier>{c55c66f8-bf4f-4133-add8-913f0656a325}</UniqueIdentifier>
    </Filter>
    <Filter Include="Tutorial\Operators">
      <UniqueIdentifier>{088ea9a1-662f-4d0b-a663-2ffd9ecf47da}</UniqueIdentifier>
    </Filter>
    <Filter Include="Tutorial\Pointers">
      <UniqueIdentifier>{abe32ee5-9365-4a0b-8c39-58b4cad7fdd1}</UniqueIdentifier>
    </Filter>
    <Filter Include="Tutorial\Structs">
      <UniqueIdentifier>{940fe406-8d32-4e7f-bf59-e8b480461c65}</UniqueIdentifier>
    </Filter>
    <Filter Include="Tutorial\Subroutines">
      <UniqueIdentifier>{3980e00b-1ef7-4885-8a64-bc1f055f74ee}</UniqueIdentifier>
    </Filter>
    <Filter Include="Tutorial\ControlStructures">
      <UniqueIdentifier>{68f50d41-b59d-4238-909c-43ce1b524bcf}</UniqueIdentifier>
    </Filter>
    <Filter Include="Tutorial\HelloWorld">
      <UniqueIdentifier>{14b558bc-29ce-4970-8b91-f3c343730a34}</UniqueIdentifier>
    </Filter>
    <Filter Include="Tutorial\Strings">
      <UniqueIdentifier>{09482696-5b60-4fb6-ad78-e091c25599dd}</UniqueIdentifier>
    </Filter>
  </ItemGroup>
  <ItemGroup>
    <None Include="Markdown\Agenda.md">
      <Filter>Markdown</Filter>
    </None>
    <None Include="Markdown\FirstOfAll.md">
      <Filter>Markdown</Filter>
    </None>
    <None Include="Markdown\InstallationGuide.md">
      <Filter>Markdown</Filter>
    </None>
    <None Include="Markdown\Literature.md">
      <Filter>Markdown</Filter>
    </None>
    <None Include="Markdown\Roadmap.md">
      <Filter>Markdown</Filter>
    </None>
    <None Include="Exercises\Exercises.md">
      <Filter>Exercises</Filter>
    </None>
    <None Include="..\Readme.md" />
    <None Include="Markdown\History.md">
      <Filter>Markdown</Filter>
    </None>
    <None Include="Exercises\Zinsberechnung\Exercises_Zinsberechnung.md">
      <Filter>Exercises\Zinsberechnung</Filter>
    </None>
    <None Include="Exercises\TeuflischeFolge\Exercises_TeuflischeFolge.md">
      <Filter>Exercises\TeuflischeFolge</Filter>
    </None>
    <None Include="Exercises\Fakultaet\Exercises_Fakultaet.md">
      <Filter>Exercises\Fakultaet</Filter>
    </None>
    <None Include="Exercises\Vector\Exercises_Vector.md">
      <Filter>Exercises\Vector</Filter>
    </None>
    <None Include="Exercises\Maximum\Exercises_Maximum.md">
      <Filter>Exercises\Maximum</Filter>
    </None>
    <None Include="Exercises\Unterprogramme\Exercises_Unterprogramme.md">
      <Filter>Exercises\Unterprogramme</Filter>
    </None>
    <None Include="Exercises\Zeichenkettenverarbeitung\Exercises_Zeichenkettenverarbeitung.md">
      <Filter>Exercises\Zeichenkettenverarbeitung</Filter>
    </None>
    <None Include="Exercises\Lotto\Exercises_Lotto.md">
      <Filter>Exercises\Lotto</Filter>
    </None>
    <None Include="Exercises\ArraySumMinMax\Exercises_ArraySumMinMax.md">
      <Filter>Exercises\ArraySumMinMax</Filter>
    </None>
    <None Include="Exercises\ErsteSchritte\Exercises_ErsteSchritte.md">
      <Filter>Exercises\ErsteSchritte</Filter>
    </None>
    <None Include="Exercises\VariablenDatentypenOperatoren\Exercises_VariablenDatentypenOperatoren.md">
      <Filter>Exercises\VariablenDatentypenOperatoren</Filter>
    </None>
    <None Include="Exercises\DivisionMitRest\Exercises_DivisionMitRest.md">
      <Filter>Exercises\DivisionMitRest</Filter>
    </None>
    <None Include="Exercises\Wahl\Exercises_Wahl.md">
      <Filter>Exercises\Wahl</Filter>
    </None>
    <None Include="Exercises\Zeiger\Exercises_Zeiger.md">
      <Filter>Exercises\Zeiger</Filter>
    </None>
    <None Include="Exercises\Zeiger\c_pointer_tabelle_stack.svg">
      <Filter>Exercises\Zeiger</Filter>
    </None>
    <None Include="Exercises\HarmonischeReihe\Exercises_HarmonischeReihe.md">
      <Filter>Exercises\HarmonischeReihe</Filter>
    </None>
    <None Include="Exercises\Zeichenkettenverarbeitung\c_string_append.svg">
      <Filter>Exercises\Zeichenkettenverarbeitung</Filter>
    </None>
    <None Include="Exercises\Zeichenkettenverarbeitung\c_string_insert.svg">
      <Filter>Exercises\Zeichenkettenverarbeitung</Filter>
    </None>
    <None Include="Exercises\VerketteteListe\Exercises_VerketteteListe.md">
      <Filter>Exercises\VerketteteListe</Filter>
    </None>
    <None Include="Exercises\VerketteteListe\c_linked_list_01.svg">
      <Filter>Exercises\VerketteteListe</Filter>
    </None>
    <None Include="Exercises\VerketteteListe\c_linked_list_02.svg">
      <Filter>Exercises\VerketteteListe</Filter>
    </None>
    <None Include="Exercises\VerketteteListe\c_linked_list_03.svg">
      <Filter>Exercises\VerketteteListe</Filter>
    </None>
    <None Include="Exercises\VerketteteListe\c_linked_list_04.svg">
      <Filter>Exercises\VerketteteListe</Filter>
    </None>
    <None Include="Exercises\VerketteteListe\c_linked_list_10.svg">
      <Filter>Exercises\VerketteteListe</Filter>
    </None>
    <None Include="Exercises\Zeichenstatistik\Exercises_Zeichenstatistik.md">
      <Filter>Exercises\Zeichenstatistik</Filter>
    </None>
    <None Include="Markdown\MemoryLeaksDetection.md">
      <Filter>Markdown</Filter>
    </None>
    <None Include="Exercises\Wallet\Exercises_Wallet.md">
      <Filter>Exercises\Wallet</Filter>
    </None>
    <None Include="Exercises\DynamicIntArray\Exercises_DynamicIntArray.md">
      <Filter>Exercises\DynamicIntArray</Filter>
    </None>
    <None Include="Exercises\DynamicIntArray\c_dynamic_int_array_01.svg">
      <Filter>Exercises\DynamicIntArray</Filter>
    </None>
    <None Include="Exercises\DynamicIntArray\c_dynamic_int_array_02.svg">
      <Filter>Exercises\DynamicIntArray</Filter>
    </None>
    <None Include="Exercises\DynamicIntArray\c_dynamic_int_array_03.svg">
      <Filter>Exercises\DynamicIntArray</Filter>
    </None>
    <None Include="Exercises\DynamicIntArray\c_dynamic_int_array_04.svg">
      <Filter>Exercises\DynamicIntArray</Filter>
    </None>
    <None Include="Exercises\Contacts\Exercises_Contacts.md">
      <Filter>Exercises\Contacts</Filter>
    </None>
    <None Include="Exercises\KeywordStatistik\Exercises_KeywordStatistik.md">
      <Filter>Exercises\KeywordStatistik</Filter>
    </None>
    <None Include="Exercises\BinaryConversion\Exercises_BinaryConversion.md">
      <Filter>Exercises\BinaryConversion</Filter>
    </None>
    <None Include="Exercises\Tausche\Exercises_Tausche.md">
      <Filter>Exercises\Tausche</Filter>
    </None>
    <None Include="Tutorial\Arrays\Arrays.md">
      <Filter>Tutorial\Arrays</Filter>
    </None>
    <None Include="Tutorial\Operators\Operators.md">
      <Filter>Tutorial\Operators</Filter>
    </None>
    <None Include="Tutorial\Pointers\Pointers.md">
      <Filter>Tutorial\Pointers</Filter>
    </None>
    <None Include="Tutorial\Structs\Structs.md">
      <Filter>Tutorial\Structs</Filter>
    </None>
    <None Include="Tutorial\Subroutines\Subroutines.md">
      <Filter>Tutorial\Subroutines</Filter>
    </None>
    <None Include="Tutorial\NestedScope\NestedScope.md">
      <Filter>Tutorial\NestedScope</Filter>
    </None>
    <None Include="Tutorial\MemoryManagement\MemoryManagement.md">
      <Filter>Tutorial\MemoryManagement</Filter>
    </None>
    <None Include="Tutorial\DynamicMemory\DynamicMemory.md">
      <Filter>Tutorial\DynamicMemory</Filter>
    </None>
    <None Include="Tutorial\DatatypesVariablesConstants\DatatypesVariablesConstants.md">
      <Filter>Tutorial\DatatypesVariablesConstants</Filter>
    </None>
    <None Include="Tutorial\HelloWorld\HelloWorld.md">
      <Filter>Tutorial\HelloWorld</Filter>
    </None>
    <None Include="Tutorial\ControlStructures\ControlStructures.md">
      <Filter>Tutorial\ControlStructures</Filter>
    </None>
    <None Include="Tutorial\CRT\CRT.md">
      <Filter>Tutorial\CRT</Filter>
    </None>
    <None Include="Tutorial\Strings\Strings.md">
      <Filter>Tutorial\Strings</Filter>
    </None>
    <None Include="Exercises\ObjectFileViewer\TEST_JaggedArray.bin">
      <Filter>Resource Files</Filter>
    </None>
    <None Include="Exercises\ObjectFileViewer\TEST_Point.bin">
      <Filter>Resource Files</Filter>
    </None>
    <None Include="Tutorial\MultidimensionalArrays\MultidimensionalArrays.md" />
    <None Include="Exercises\HashTabelle\c_hash_01.svg" />
    <None Include="Exercises\HashTabelle\c_hash_02.svg" />
    <None Include="Exercises\HashTabelle\c_hash_03.svg" />
    <None Include="Tutorial\Arrays\c_array_01.svg" />
    <None Include="Tutorial\MultidimensionalArrays\c_array_02.svg" />
    <None Include="Exercises\JaggedArrays\Exercises_JaggedArrays.md" />
    <None Include="Exercises\HashTabelle\Exercises_HashTable.md" />
    <None Include="Exercises\JaggedArrays\c_jagged_array.svg" />
    <None Include="Tutorial\UnionsBitFieldsEnums\UnionsBitFieldsEnums.md" />
    <None Include="Exercises\ObjectFileViewer\TEST_ObjectFileViewer.bin">
      <Filter>Resource Files</Filter>
    </None>
    <None Include="Exercises\PascalTriangle\Exercises_PascalTriangle.md" />
    <None Include="Exercises\JaggedPascalTriangle\Exercises_JaggedPascalTriangle.md" />
    <None Include="Exercises\ZinsberechnungMitArray\Exercises_ZinsberechnungMitArray.md" />
    <None Include="Exercises\Bruchrechnen\Exercises_Bruchrechnen.md" />
    <None Include="Exercises\ObjectFileViewer\Exercises_ObjectFileViewer.md" />
    <None Include="Exercises\ObjectFileViewer\COFF_Texas_Instruments.pdf" />
    <None Include="Markdown\cman.pdf" />
    <None Include="Exercises\ZeichenkettenverarbeitungDynamisch\ZeichenkettenverarbeitungDynamisch.md" />
    <None Include="Markdown\harbison_steelec_a_reference_manual_5th_ed.pdf" />
    <None Include="Tutorial\AdvancedTopics\AdvancedTopics.md" />
  </ItemGroup>
  <ItemGroup>
    <ClCompile Include="Program.c">
      <Filter>Source Files</Filter>
    </ClCompile>
    <ClCompile Include="Exercises\Exercises.c">
      <Filter>Exercises</Filter>
    </ClCompile>
    <ClCompile Include="Exercises\TeuflischeFolge\TeuflischeFolge.c">
      <Filter>Exercises\TeuflischeFolge</Filter>
    </ClCompile>
    <ClCompile Include="Exercises\Zinsberechnung\Zinsberechnung.c">
      <Filter>Exercises\Zinsberechnung</Filter>
    </ClCompile>
    <ClCompile Include="Exercises\Fakultaet\Fakultaet.c">
      <Filter>Exercises\Fakultaet</Filter>
    </ClCompile>
    <ClCompile Include="Exercises\Vector\Vector.c">
      <Filter>Exercises\Vector</Filter>
    </ClCompile>
    <ClCompile Include="Exercises\Vector\Main_Vector.c">
      <Filter>Exercises\Vector</Filter>
    </ClCompile>
    <ClCompile Include="Exercises\Maximum\Maximum.c">
      <Filter>Exercises\Maximum</Filter>
    </ClCompile>
    <ClCompile Include="Exercises\Unterprogramme\Unterprogramme.c">
      <Filter>Exercises\Unterprogramme</Filter>
    </ClCompile>
    <ClCompile Include="Exercises\Zeichenkettenverarbeitung\Zeichenkettenverarbeitung.c">
      <Filter>Exercises\Zeichenkettenverarbeitung</Filter>
    </ClCompile>
    <ClCompile Include="Exercises\Lotto\Lotto.c">
      <Filter>Exercises\Lotto</Filter>
    </ClCompile>
    <ClCompile Include="Exercises\ArraySumMinMax\ArraySumMinMax.c">
      <Filter>Exercises\ArraySumMinMax</Filter>
    </ClCompile>
    <ClCompile Include="Exercises\ErsteSchritte\ErsteSchritte.c">
      <Filter>Exercises\ErsteSchritte</Filter>
    </ClCompile>
    <ClCompile Include="Exercises\VariablenDatentypenOperatoren\VariablenDatentypenOperatoren.c">
      <Filter>Exercises\VariablenDatentypenOperatoren</Filter>
    </ClCompile>
    <ClCompile Include="Exercises\DivisionMitRest\DivisionMitRest.c">
      <Filter>Exercises\DivisionMitRest</Filter>
    </ClCompile>
    <ClCompile Include="Exercises\Wahl\Wahl.c">
      <Filter>Exercises\Wahl</Filter>
    </ClCompile>
    <ClCompile Include="Exercises\Zeiger\Zeiger.c">
      <Filter>Exercises\Zeiger</Filter>
    </ClCompile>
    <ClCompile Include="Exercises\HarmonischeReihe\HarmonischeReihe.c">
      <Filter>Exercises\HarmonischeReihe</Filter>
    </ClCompile>
    <ClCompile Include="Exercises\VerketteteListe\VerketteteListe.c">
      <Filter>Exercises\VerketteteListe</Filter>
    </ClCompile>
    <ClCompile Include="Exercises\Zeichenstatistik\Zeichenstatistik.c">
      <Filter>Exercises\Zeichenstatistik</Filter>
    </ClCompile>
    <ClCompile Include="Exercises\Wallet\Wallet.c">
      <Filter>Exercises\Wallet</Filter>
    </ClCompile>
    <ClCompile Include="Exercises\DynamicIntArray\DynamicIntArray.c">
      <Filter>Exercises\DynamicIntArray</Filter>
    </ClCompile>
    <ClCompile Include="Exercises\Contacts\Main_Contacts.c">
      <Filter>Exercises\Contacts</Filter>
    </ClCompile>
    <ClCompile Include="Exercises\Contacts\ContactsDynamic.c">
      <Filter>Exercises\Contacts</Filter>
    </ClCompile>
    <ClCompile Include="Exercises\Contacts\ContactsStatic.c">
      <Filter>Exercises\Contacts</Filter>
    </ClCompile>
    <ClCompile Include="Exercises\KeywordStatistik\KeywordStatistic.c">
      <Filter>Exercises\KeywordStatistik</Filter>
    </ClCompile>
    <ClCompile Include="Exercises\KeywordStatistik\Exercises_KeywordStatistic.c">
      <Filter>Exercises\KeywordStatistik</Filter>
    </ClCompile>
    <ClCompile Include="Exercises\BinaryConversion\BinaryConversion.c">
      <Filter>Exercises\BinaryConversion</Filter>
    </ClCompile>
    <ClCompile Include="Exercises\Tausche\Tausche.c">
      <Filter>Exercises\Tausche</Filter>
    </ClCompile>
    <ClCompile Include="Tutorial\DatatypesVariablesConstants\DatatypesVariablesConstants.c">
      <Filter>Tutorial\DatatypesVariablesConstants</Filter>
    </ClCompile>
    <ClCompile Include="Tutorial\HelloWorld\HelloWorld.c">
      <Filter>Tutorial\HelloWorld</Filter>
    </ClCompile>
    <ClCompile Include="Tutorial\Arrays\Arrays.c">
      <Filter>Tutorial\Arrays</Filter>
    </ClCompile>
    <ClCompile Include="Tutorial\ControlStructures\ControlStructures.c">
      <Filter>Tutorial\ControlStructures</Filter>
    </ClCompile>
    <ClCompile Include="Tutorial\CRT\CRT.c">
      <Filter>Tutorial\CRT</Filter>
    </ClCompile>
    <ClCompile Include="Tutorial\DynamicMemory\DynamicMemory.c">
      <Filter>Tutorial\DynamicMemory</Filter>
    </ClCompile>
    <ClCompile Include="Tutorial\MemoryManagement\MemoryManagement.c">
      <Filter>Tutorial\MemoryManagement</Filter>
    </ClCompile>
    <ClCompile Include="Tutorial\NestedScope\NestedScope.c">
      <Filter>Tutorial\NestedScope</Filter>
    </ClCompile>
    <ClCompile Include="Tutorial\Strings\Strings.c">
      <Filter>Tutorial\Strings</Filter>
    </ClCompile>
    <ClCompile Include="Tutorial\Operators\Operators.c">
      <Filter>Tutorial\Operators</Filter>
    </ClCompile>
    <ClCompile Include="Tutorial\Pointers\Pointers.c">
      <Filter>Tutorial\Pointers</Filter>
    </ClCompile>
    <ClCompile Include="Tutorial\Structs\Structs.c">
      <Filter>Tutorial\Structs</Filter>
    </ClCompile>
    <ClCompile Include="Tutorial\Subroutines\Subroutines.c">
      <Filter>Tutorial\Subroutines</Filter>
    </ClCompile>
    <ClCompile Include="Exercises\HashTabelle\HashTable.c">
      <Filter>Source Files</Filter>
    </ClCompile>
    <ClCompile Include="Exercises\ObjectFileViewer\ObjectFileViewer.c">
      <Filter>Source Files</Filter>
    </ClCompile>
    <ClCompile Include="Tutorial\MultidimensionalArrays\MultidimensionalArrays.c">
      <Filter>Source Files</Filter>
    </ClCompile>
    <ClCompile Include="Exercises\HashTabelle\HashTableMainInt.c">
      <Filter>Source Files</Filter>
    </ClCompile>
    <ClCompile Include="Exercises\HashTabelle\HashTableEx.c">
      <Filter>Source Files</Filter>
    </ClCompile>
    <ClCompile Include="Exercises\HashTabelle\HashTableMainString.c">
      <Filter>Source Files</Filter>
    </ClCompile>
    <ClCompile Include="Exercises\HashTabelle\HashTableMain.c">
      <Filter>Source Files</Filter>
    </ClCompile>
    <ClCompile Include="Exercises\JaggedArrays\JaggedArrays.c">
      <Filter>Source Files</Filter>
    </ClCompile>
    <ClCompile Include="Tutorial\UnionsBitFieldsEnums\UnionsBitFieldsEnums.c">
      <Filter>Source Files</Filter>
    </ClCompile>
    <ClCompile Include="Exercises\PascalTriangle\PascalTriangle.c">
      <Filter>Source Files</Filter>
    </ClCompile>
    <ClCompile Include="Exercises\JaggedPascalTriangle\JaggedPascalTriangle.c">
      <Filter>Source Files</Filter>
    </ClCompile>
    <ClCompile Include="Exercises\ZinsberechnungMitArray\ZinsberechnungMitArray.c">
      <Filter>Source Files</Filter>
    </ClCompile>
    <ClCompile Include="Exercises\Bruchrechnen\Bruchrechnen.c">
      <Filter>Source Files</Filter>
    </ClCompile>
    <ClCompile Include="Exercises\ZeichenkettenverarbeitungDynamisch\ZeichenkettenverarbeitungDynamisch.c">
      <Filter>Source Files</Filter>
    </ClCompile>
    <ClCompile Include="Tutorial\AdvancedTopics\AdvancedTopics.c">
      <Filter>Source Files</Filter>
    </ClCompile>
    <ClCompile Include="Tutorial\AdvancedTopics\GenericProgramming.c">
      <Filter>Source Files</Filter>
    </ClCompile>
  </ItemGroup>
  <ItemGroup>
    <Image Include="Markdown\Ken_Thompson_and_Dennis_Ritchie.jpg">
      <Filter>Markdown</Filter>
    </Image>
    <Image Include="Exercises\Maximum\Struktogramm_Maximum.png">
      <Filter>Exercises\Maximum</Filter>
    </Image>
    <Image Include="Exercises\Unterprogramme\Struktogramm_Schaltjahr.png">
      <Filter>Exercises\Unterprogramme</Filter>
    </Image>
    <Image Include="Markdown\Embedded_Cpp.jpg">
      <Filter>Markdown</Filter>
    </Image>
    <Image Include="Markdown\I_must_learn_C.png">
      <Filter>Markdown</Filter>
    </Image>
    <Image Include="Markdown\Buch_C_Dummies_Dan_Gokin.png">
      <Filter>Markdown</Filter>
    </Image>
    <Image Include="Markdown\Buch_Dirk_Louis.png">
      <Filter>Markdown</Filter>
    </Image>
    <Image Include="Markdown\Buch_Einstieg_in_C_Thomas_Theis.png">
      <Filter>Markdown</Filter>
    </Image>
    <Image Include="Exercises\HarmonischeReihe\HarmonischeReihe.png">
      <Filter>Exercises\HarmonischeReihe</Filter>
    </Image>
    <Image Include="Markdown\Buch_C_von_A_bis_Z_Juergen_Wolf.png">
      <Filter>Markdown</Filter>
    </Image>
    <Image Include="Markdown\TreatWarningsAsErrors.png">
      <Filter>Markdown</Filter>
    </Image>
    <Image Include="Markdown\Github_Mobile_iPad.png">
      <Filter>Markdown</Filter>
    </Image>
    <Image Include="Markdown\Github_Mobile_iPhone.png">
      <Filter>Markdown</Filter>
    </Image>
    <Image Include="Tutorial\HelloWorld\HelloWorld.png">
      <Filter>Tutorial\HelloWorld</Filter>
    </Image>
    <Image Include="Tutorial\Strings\ASCII_Table.png">
      <Filter>Tutorial\Strings</Filter>
    </Image>
    <Image Include="Tutorial\Operators\OperatorsPrecedence.png">
      <Filter>Tutorial\Operators</Filter>
    </Image>
    <Image Include="Markdown\C_Logo.png">
      <Filter>Resource Files</Filter>
    </Image>
    <Image Include="Markdown\Buch_Andrew_Koenig.png">
      <Filter>Resource Files</Filter>
    </Image>
    <Image Include="Exercises\PascalTriangle\PascalTriangle_01.png">
      <Filter>Resource Files</Filter>
    </Image>
    <Image Include="Exercises\PascalTriangle\PascalTriangle_02.png">
      <Filter>Resource Files</Filter>
    </Image>
    <Image Include="Markdown\Buch_C_Kernighan_Ritchie.png">
      <Filter>Resource Files</Filter>
    </Image>
    <Image Include="Tutorial\UnionsBitFieldsEnums\Bitfields_01.png">
      <Filter>Resource Files</Filter>
    </Image>
    <Image Include="Tutorial\UnionsBitFieldsEnums\Bitfields_02.png">
      <Filter>Resource Files</Filter>
    </Image>
    <Image Include="Tutorial\UnionsBitFieldsEnums\Bitfields_03.png">
      <Filter>Resource Files</Filter>
    </Image>
    <Image Include="Tutorial\UnionsBitFieldsEnums\Bitfields_04.png">
      <Filter>Resource Files</Filter>
    </Image>
    <Image Include="Markdown\Buch_Harbison_Steel_C_Reference_Manual.png">
      <Filter>Resource Files</Filter>
    </Image>
  </ItemGroup>
  <ItemGroup>
    <ClInclude Include="Exercises\Vector\Vector.h">
      <Filter>Exercises\Vector</Filter>
    </ClInclude>
    <ClInclude Include="Exercises\DynamicIntArray\DynamicIntArray.h">
      <Filter>Exercises\DynamicIntArray</Filter>
    </ClInclude>
    <ClInclude Include="Exercises\KeywordStatistik\KeywordStatistic.h">
      <Filter>Exercises\KeywordStatistik</Filter>
    </ClInclude>
    <ClInclude Include="Exercises\Wallet\Wallet.h">
      <Filter>Exercises\Wallet</Filter>
    </ClInclude>
    <ClInclude Include="Tutorial\Structs\Time.h">
      <Filter>Tutorial\Structs</Filter>
    </ClInclude>
    <ClInclude Include="Exercises\ObjectFileViewer\ObjectFileViewer.h">
      <Filter>Header Files</Filter>
    </ClInclude>
    <ClInclude Include="Exercises\HashTabelle\HashTable.h">
      <Filter>Header Files</Filter>
    </ClInclude>
    <ClInclude Include="Exercises\HashTabelle\HashTableEx.h">
      <Filter>Header Files</Filter>
    </ClInclude>
  </ItemGroup>
</Project>